# This file is autogenerated, do not edit; changes may be undone by the next 'dep ensure'.


[[projects]]
  digest = "1:573fa46f8d413d4bc3f7cc5e86b2c43cb21559f4fb0a19d9874d228e28fdc07c"
  name = "github.com/PuerkitoBio/goquery"
  packages = ["."]
  pruneopts = "UT"
  revision = "2d2796f41742ece03e8086188fa4db16a3a0b458"
  version = "v1.5.0"

[[projects]]
  digest = "1:66b3310cf22cdc96c35ef84ede4f7b9b370971c4025f394c89a2638729653b11"
  name = "github.com/andybalholm/cascadia"
  packages = ["."]
  pruneopts = "UT"
  revision = "901648c87902174f774fac311d7f176f8647bdaa"
  version = "v1.0.0"

[[projects]]
  digest = "1:658d5aa97e9868beec20660ad4e95ad8cd9d9c4da31ec00e2f9e8b949f532194"
  name = "github.com/inabajunmr/treview"
  packages = ["github/trending"]
  pruneopts = "UT"
  revision = "5ffb27c62ed7e789c4493cb6800fd26656dc5a5a"
  version = "v2.0.5"

[[projects]]
  digest = "1:d77d385848f3d33ae4e8470628bfc2a9ce43f0cf9015710cf4ca085b90f8d3a6"
  name = "github.com/ktr0731/go-fuzzyfinder"
  packages = [
    ".",
    "matching",
    "scoring",
  ]
  pruneopts = "UT"
  revision = "f088c6b95f50ac4527acc1163025c2b2ff76fd1a"
  version = "v0.1.2"

[[projects]]
  digest = "1:0356f3312c9bd1cbeda81505b7fd437501d8e778ab66998ef69f00d7f9b3a0d7"
  name = "github.com/mattn/go-runewidth"
  packages = ["."]
  pruneopts = "UT"
  revision = "3ee7d812e62a0804a7d0a324e0249ca2db3476d3"
  version = "v0.0.4"

[[projects]]
  branch = "master"
  digest = "1:f70e9460c913251190917efb3e565f01b13cd190dc1aabe7a83f7b0a260fb54f"
  name = "github.com/nsf/termbox-go"
  packages = ["."]
  pruneopts = "UT"
  revision = "eeb6cd0a176293eeb2c69270d83835972e3567bc"

[[projects]]
  digest = "1:cf31692c14422fa27c83a05292eb5cbe0fb2775972e8f1f8446a71549bd8980b"
  name = "github.com/pkg/errors"
  packages = ["."]
  pruneopts = "UT"
  revision = "ba968bfe8b2f7e042a574c888954fccecfa385b4"
  version = "v0.8.1"

[[projects]]
  branch = "master"
  digest = "1:d7b978a787736537d0ad2f84c0e8b75b05c2febef0537198e28edf1cf2768afd"
  name = "golang.org/x/net"
  packages = [
    "html",
    "html/atom",
  ]
  pruneopts = "UT"
  revision = "da137c7871d730100384dbcf36e6f8fa493aef5b"

[solve-meta]
  analyzer-name = "dep"
  analyzer-version = 1
  input-imports = [
    "github.com/inabajunmr/treview/github/trending",
    "github.com/ktr0731/go-fuzzyfinder",
  ]
  solver-name = "gps-cdcl"
  solver-version = 1
